
Microsoft Visual Studio Solution File, Format Version 12.00
Project("{FAE04EC0-301F-11D3-BF4B-00C04F79EFBC}") = "BulkyWeb", "BulkyWeb\BulkyWeb.csproj", "{84466078-C7D1-4AA5-A1F5-4988B5C75095}"
EndProject
Global
	GlobalSection(SolutionConfigurationPlatforms) = preSolution
		Debug|Any CPU = Debug|Any CPU
		Release|Any CPU = Release|Any CPU
	EndGlobalSection
	GlobalSection(ProjectConfigurationPlatforms) = postSolution
		{84466078-C7D1-4AA5-A1F5-4988B5C75095}.Debug|Any CPU.ActiveCfg = Debug|Any CPU
		{84466078-C7D1-4AA5-A1F5-4988B5C75095}.Debug|Any CPU.Build.0 = Debug|Any CPU
		{84466078-C7D1-4AA5-A1F5-4988B5C75095}.Release|Any CPU.ActiveCfg = Release|Any CPU
		{84466078-C7D1-4AA5-A1F5-4988B5C75095}.Release|Any CPU.Build.0 = Release|Any CPU
	EndGlobalSection
EndGlobal
